
Microsoft Visual Studio Solution File, Format Version 12.00
# Visual Studio Version 16
VisualStudioVersion = 16.0.31321.278
MinimumVisualStudioVersion = 10.0.40219.1
Project("{FAE04EC0-301F-11D3-BF4B-00C04F79EFBC}") = "Common", "Common\Common.csproj", "{76511FC2-6789-4A28-A6DE-45E9D5FB677A}"
EndProject
Global
	GlobalSection(SolutionConfigurationPlatforms) = preSolution
		Debug|Any CPU = Debug|Any CPU
		Release|Any CPU = Release|Any CPU
	EndGlobalSection
	GlobalSection(ProjectConfigurationPlatforms) = postSolution
		{76511FC2-6789-4A28-A6DE-45E9D5FB677A}.Debug|Any CPU.ActiveCfg = Debug|Any CPU
		{76511FC2-6789-4A28-A6DE-45E9D5FB677A}.Debug|Any CPU.Build.0 = Debug|Any CPU
		{76511FC2-6789-4A28-A6DE-45E9D5FB677A}.Release|Any CPU.ActiveCfg = Release|Any CPU
		{76511FC2-6789-4A28-A6DE-45E9D5FB677A}.Release|Any CPU.Build.0 = Release|Any CPU
	EndGlobalSection
	GlobalSection(SolutionProperties) = preSolution
		HideSolutionNode = FALSE
	EndGlobalSection
	GlobalSection(ExtensibilityGlobals) = postSolution
		SolutionGuid = {5A4EDA67-1E17-4881-80B9-8E5C510157F1}
	EndGlobalSection
EndGlobal
