
Microsoft Visual Studio Solution File, Format Version 12.00
# Visual Studio Version 16
VisualStudioVersion = 16.0.31321.278
MinimumVisualStudioVersion = 10.0.40219.1
Project("{FAE04EC0-301F-11D3-BF4B-00C04F79EFBC}") = "DataProducer", "DataProducer\DataProducer.csproj", "{F8962D84-C874-4985-8222-0EA0AAB81397}"
EndProject
Global
	GlobalSection(SolutionConfigurationPlatforms) = preSolution
		Debug|Any CPU = Debug|Any CPU
		Release|Any CPU = Release|Any CPU
	EndGlobalSection
	GlobalSection(ProjectConfigurationPlatforms) = postSolution
		{F8962D84-C874-4985-8222-0EA0AAB81397}.Debug|Any CPU.ActiveCfg = Debug|Any CPU
		{F8962D84-C874-4985-8222-0EA0AAB81397}.Debug|Any CPU.Build.0 = Debug|Any CPU
		{F8962D84-C874-4985-8222-0EA0AAB81397}.Release|Any CPU.ActiveCfg = Release|Any CPU
		{F8962D84-C874-4985-8222-0EA0AAB81397}.Release|Any CPU.Build.0 = Release|Any CPU
	EndGlobalSection
	GlobalSection(SolutionProperties) = preSolution
		HideSolutionNode = FALSE
	EndGlobalSection
	GlobalSection(ExtensibilityGlobals) = postSolution
		SolutionGuid = {521B4B77-BF14-4107-9C50-D3AE86CE102E}
	EndGlobalSection
EndGlobal
